
Microsoft Visual Studio Solution File, Format Version 12.00
# Visual Studio Version 16
VisualStudioVersion = 16.0.31624.102
MinimumVisualStudioVersion = 10.0.40219.1
Project("{FAE04EC0-301F-11D3-BF4B-00C04F79EFBC}") = "ModExponentiationCalculatorWebSocket", "ModExponentiationCalculatorWebSocket\ModExponentiationCalculatorWebSocket.csproj", "{49279559-F507-4E47-865D-90379516DDCF}"
EndProject
Project("{FAE04EC0-301F-11D3-BF4B-00C04F79EFBC}") = "ModExponentiationCalculatorWebSocketTest", "ModExponentiationCalculatorWebSocketTest\ModExponentiationCalculatorWebSocketTest.csproj", "{8D6BE26F-9B04-4F1F-BD8A-BF5AF439373C}"
EndProject
Global
	GlobalSection(SolutionConfigurationPlatforms) = preSolution
		Debug|Any CPU = Debug|Any CPU
		Release|Any CPU = Release|Any CPU
	EndGlobalSection
	GlobalSection(ProjectConfigurationPlatforms) = postSolution
		{49279559-F507-4E47-865D-90379516DDCF}.Debug|Any CPU.ActiveCfg = Debug|Any CPU
		{49279559-F507-4E47-865D-90379516DDCF}.Debug|Any CPU.Build.0 = Debug|Any CPU
		{49279559-F507-4E47-865D-90379516DDCF}.Release|Any CPU.ActiveCfg = Release|Any CPU
		{49279559-F507-4E47-865D-90379516DDCF}.Release|Any CPU.Build.0 = Release|Any CPU
		{8D6BE26F-9B04-4F1F-BD8A-BF5AF439373C}.Debug|Any CPU.ActiveCfg = Debug|Any CPU
		{8D6BE26F-9B04-4F1F-BD8A-BF5AF439373C}.Debug|Any CPU.Build.0 = Debug|Any CPU
		{8D6BE26F-9B04-4F1F-BD8A-BF5AF439373C}.Release|Any CPU.ActiveCfg = Release|Any CPU
		{8D6BE26F-9B04-4F1F-BD8A-BF5AF439373C}.Release|Any CPU.Build.0 = Release|Any CPU
	EndGlobalSection
	GlobalSection(SolutionProperties) = preSolution
		HideSolutionNode = FALSE
	EndGlobalSection
	GlobalSection(ExtensibilityGlobals) = postSolution
		SolutionGuid = {1DBCF036-7943-426F-9197-CD573AE9F6B2}
	EndGlobalSection
EndGlobal
